
Microsoft Visual Studio Solution File, Format Version 12.00
# Visual Studio 14
VisualStudioVersion = 14.0.25420.1
MinimumVisualStudioVersion = 10.0.40219.1
Project("{FAE04EC0-301F-11D3-BF4B-00C04F79EFBC}") = "UnitTestProject1", "UnitTestProject1\UnitTestProject1.csproj", "{DFC347A2-142D-4678-BD8C-6705625F52EC}"
EndProject
Project("{FAE04EC0-301F-11D3-BF4B-00C04F79EFBC}") = "MU.DBWapper", "MUSystem.DBWapper\MU.DBWapper.csproj", "{9F602B1E-0A48-4AC6-A39C-EF0BE1B64B38}"
EndProject
Project("{FAE04EC0-301F-11D3-BF4B-00C04F79EFBC}") = "ConsoleApp", "ConsoleApp\ConsoleApp.csproj", "{C2F34B5E-F178-44D4-9C9C-FF8D4F41912A}"
EndProject
Project("{FAE04EC0-301F-11D3-BF4B-00C04F79EFBC}") = "MU.Extensions", "MU.Extensions\MU.Extensions.csproj", "{5F84A21D-5E35-4010-9723-056EA8F1FF06}"
EndProject
Project("{2150E333-8FDC-42A3-9474-1A3956D46DE8}") = "0 WebSolution", "0 WebSolution", "{CBC302E2-1856-4F6E-895A-424419214171}"
EndProject
Project("{2150E333-8FDC-42A3-9474-1A3956D46DE8}") = "1 Extension", "1 Extension", "{86E84B25-B233-400F-A629-6FE061F2AD06}"
EndProject
Project("{2150E333-8FDC-42A3-9474-1A3956D46DE8}") = "2 Factorys", "2 Factorys", "{25EED0B6-389D-4EFB-9F60-E29EBB3EE695}"
EndProject
Project("{2150E333-8FDC-42A3-9474-1A3956D46DE8}") = "5 UnitTest", "5 UnitTest", "{B71279BB-C592-4A96-B7B8-586268B44E31}"
EndProject
Project("{2150E333-8FDC-42A3-9474-1A3956D46DE8}") = "4 Tools", "4 Tools", "{8F50F0F0-5DC3-4813-ADA9-A7522A8449FC}"
EndProject
Project("{FAE04EC0-301F-11D3-BF4B-00C04F79EFBC}") = "MU.ERP", "MU.ERP\MU.ERP.csproj", "{B9F6FF5D-2265-446C-92B8-B6AF7DA04ABC}"
EndProject
Project("{2150E333-8FDC-42A3-9474-1A3956D46DE8}") = "3 Services", "3 Services", "{4BAFBC24-4BFC-4734-9032-F2EF5D89CFF9}"
EndProject
Project("{FAE04EC0-301F-11D3-BF4B-00C04F79EFBC}") = "MU.Push", "MU.Push\MU.Push.csproj", "{65FDD14D-5C74-4715-BBEF-A4EAD89DBC63}"
EndProject
Project("{2150E333-8FDC-42A3-9474-1A3956D46DE8}") = "6 Demos", "6 Demos", "{5AD65428-C5F6-41EA-8ACD-BF3E57F0DFD0}"
EndProject
Project("{FAE04EC0-301F-11D3-BF4B-00C04F79EFBC}") = "RabbitMQServer", "RabbitMQServer\RabbitMQServer.csproj", "{9220BEAC-6740-4D6A-95E4-5DB9F4FA8BC6}"
EndProject
Project("{FAE04EC0-301F-11D3-BF4B-00C04F79EFBC}") = "RabbitMQClient", "RabbitMQClient\RabbitMQClient.csproj", "{79067E87-9DF3-4947-8270-BDFA861C08DE}"
EndProject
Project("{FAE04EC0-301F-11D3-BF4B-00C04F79EFBC}") = "MU.Models", "MU.Models\MU.Models.csproj", "{51608518-4178-4CE8-ADFC-C5D46C97CEDE}"
EndProject
Project("{FAE04EC0-301F-11D3-BF4B-00C04F79EFBC}") = "MU.DAL", "MU.DAL\MU.DAL.csproj", "{0FEB0D95-F117-4CA8-A003-75B7FABB09F9}"
EndProject
Project("{FAE04EC0-301F-11D3-BF4B-00C04F79EFBC}") = "MU.BLL", "MU.BLL\MU.BLL.csproj", "{5B683980-9A90-41B1-A98E-D7CAA2F27526}"
EndProject
Global
	GlobalSection(SolutionConfigurationPlatforms) = preSolution
		Debug|Any CPU = Debug|Any CPU
		Release|Any CPU = Release|Any CPU
	EndGlobalSection
	GlobalSection(ProjectConfigurationPlatforms) = postSolution
		{DFC347A2-142D-4678-BD8C-6705625F52EC}.Debug|Any CPU.ActiveCfg = Debug|Any CPU
		{DFC347A2-142D-4678-BD8C-6705625F52EC}.Debug|Any CPU.Build.0 = Debug|Any CPU
		{DFC347A2-142D-4678-BD8C-6705625F52EC}.Release|Any CPU.ActiveCfg = Release|Any CPU
		{DFC347A2-142D-4678-BD8C-6705625F52EC}.Release|Any CPU.Build.0 = Release|Any CPU
		{9F602B1E-0A48-4AC6-A39C-EF0BE1B64B38}.Debug|Any CPU.ActiveCfg = Debug|Any CPU
		{9F602B1E-0A48-4AC6-A39C-EF0BE1B64B38}.Debug|Any CPU.Build.0 = Debug|Any CPU
		{9F602B1E-0A48-4AC6-A39C-EF0BE1B64B38}.Release|Any CPU.ActiveCfg = Release|Any CPU
		{9F602B1E-0A48-4AC6-A39C-EF0BE1B64B38}.Release|Any CPU.Build.0 = Release|Any CPU
		{C2F34B5E-F178-44D4-9C9C-FF8D4F41912A}.Debug|Any CPU.ActiveCfg = Debug|Any CPU
		{C2F34B5E-F178-44D4-9C9C-FF8D4F41912A}.Debug|Any CPU.Build.0 = Debug|Any CPU
		{C2F34B5E-F178-44D4-9C9C-FF8D4F41912A}.Release|Any CPU.ActiveCfg = Release|Any CPU
		{C2F34B5E-F178-44D4-9C9C-FF8D4F41912A}.Release|Any CPU.Build.0 = Release|Any CPU
		{5F84A21D-5E35-4010-9723-056EA8F1FF06}.Debug|Any CPU.ActiveCfg = Debug|Any CPU
		{5F84A21D-5E35-4010-9723-056EA8F1FF06}.Debug|Any CPU.Build.0 = Debug|Any CPU
		{5F84A21D-5E35-4010-9723-056EA8F1FF06}.Release|Any CPU.ActiveCfg = Release|Any CPU
		{5F84A21D-5E35-4010-9723-056EA8F1FF06}.Release|Any CPU.Build.0 = Release|Any CPU
		{B9F6FF5D-2265-446C-92B8-B6AF7DA04ABC}.Debug|Any CPU.ActiveCfg = Debug|Any CPU
		{B9F6FF5D-2265-446C-92B8-B6AF7DA04ABC}.Debug|Any CPU.Build.0 = Debug|Any CPU
		{B9F6FF5D-2265-446C-92B8-B6AF7DA04ABC}.Release|Any CPU.ActiveCfg = Release|Any CPU
		{B9F6FF5D-2265-446C-92B8-B6AF7DA04ABC}.Release|Any CPU.Build.0 = Release|Any CPU
		{65FDD14D-5C74-4715-BBEF-A4EAD89DBC63}.Debug|Any CPU.ActiveCfg = Debug|Any CPU
		{65FDD14D-5C74-4715-BBEF-A4EAD89DBC63}.Debug|Any CPU.Build.0 = Debug|Any CPU
		{65FDD14D-5C74-4715-BBEF-A4EAD89DBC63}.Release|Any CPU.ActiveCfg = Release|Any CPU
		{65FDD14D-5C74-4715-BBEF-A4EAD89DBC63}.Release|Any CPU.Build.0 = Release|Any CPU
		{9220BEAC-6740-4D6A-95E4-5DB9F4FA8BC6}.Debug|Any CPU.ActiveCfg = Debug|Any CPU
		{9220BEAC-6740-4D6A-95E4-5DB9F4FA8BC6}.Debug|Any CPU.Build.0 = Debug|Any CPU
		{9220BEAC-6740-4D6A-95E4-5DB9F4FA8BC6}.Release|Any CPU.ActiveCfg = Release|Any CPU
		{9220BEAC-6740-4D6A-95E4-5DB9F4FA8BC6}.Release|Any CPU.Build.0 = Release|Any CPU
		{79067E87-9DF3-4947-8270-BDFA861C08DE}.Debug|Any CPU.ActiveCfg = Debug|Any CPU
		{79067E87-9DF3-4947-8270-BDFA861C08DE}.Debug|Any CPU.Build.0 = Debug|Any CPU
		{79067E87-9DF3-4947-8270-BDFA861C08DE}.Release|Any CPU.ActiveCfg = Release|Any CPU
		{79067E87-9DF3-4947-8270-BDFA861C08DE}.Release|Any CPU.Build.0 = Release|Any CPU
		{51608518-4178-4CE8-ADFC-C5D46C97CEDE}.Debug|Any CPU.ActiveCfg = Debug|Any CPU
		{51608518-4178-4CE8-ADFC-C5D46C97CEDE}.Debug|Any CPU.Build.0 = Debug|Any CPU
		{51608518-4178-4CE8-ADFC-C5D46C97CEDE}.Release|Any CPU.ActiveCfg = Release|Any CPU
		{51608518-4178-4CE8-ADFC-C5D46C97CEDE}.Release|Any CPU.Build.0 = Release|Any CPU
		{0FEB0D95-F117-4CA8-A003-75B7FABB09F9}.Debug|Any CPU.ActiveCfg = Debug|Any CPU
		{0FEB0D95-F117-4CA8-A003-75B7FABB09F9}.Debug|Any CPU.Build.0 = Debug|Any CPU
		{0FEB0D95-F117-4CA8-A003-75B7FABB09F9}.Release|Any CPU.ActiveCfg = Release|Any CPU
		{0FEB0D95-F117-4CA8-A003-75B7FABB09F9}.Release|Any CPU.Build.0 = Release|Any CPU
		{5B683980-9A90-41B1-A98E-D7CAA2F27526}.Debug|Any CPU.ActiveCfg = Debug|Any CPU
		{5B683980-9A90-41B1-A98E-D7CAA2F27526}.Debug|Any CPU.Build.0 = Debug|Any CPU
		{5B683980-9A90-41B1-A98E-D7CAA2F27526}.Release|Any CPU.ActiveCfg = Release|Any CPU
		{5B683980-9A90-41B1-A98E-D7CAA2F27526}.Release|Any CPU.Build.0 = Release|Any CPU
	EndGlobalSection
	GlobalSection(SolutionProperties) = preSolution
		HideSolutionNode = FALSE
	EndGlobalSection
	GlobalSection(NestedProjects) = preSolution
		{DFC347A2-142D-4678-BD8C-6705625F52EC} = {B71279BB-C592-4A96-B7B8-586268B44E31}
		{9F602B1E-0A48-4AC6-A39C-EF0BE1B64B38} = {86E84B25-B233-400F-A629-6FE061F2AD06}
		{C2F34B5E-F178-44D4-9C9C-FF8D4F41912A} = {B71279BB-C592-4A96-B7B8-586268B44E31}
		{5F84A21D-5E35-4010-9723-056EA8F1FF06} = {86E84B25-B233-400F-A629-6FE061F2AD06}
		{B9F6FF5D-2265-446C-92B8-B6AF7DA04ABC} = {CBC302E2-1856-4F6E-895A-424419214171}
		{65FDD14D-5C74-4715-BBEF-A4EAD89DBC63} = {4BAFBC24-4BFC-4734-9032-F2EF5D89CFF9}
		{9220BEAC-6740-4D6A-95E4-5DB9F4FA8BC6} = {5AD65428-C5F6-41EA-8ACD-BF3E57F0DFD0}
		{79067E87-9DF3-4947-8270-BDFA861C08DE} = {5AD65428-C5F6-41EA-8ACD-BF3E57F0DFD0}
		{51608518-4178-4CE8-ADFC-C5D46C97CEDE} = {86E84B25-B233-400F-A629-6FE061F2AD06}
		{0FEB0D95-F117-4CA8-A003-75B7FABB09F9} = {86E84B25-B233-400F-A629-6FE061F2AD06}
		{5B683980-9A90-41B1-A98E-D7CAA2F27526} = {86E84B25-B233-400F-A629-6FE061F2AD06}
	EndGlobalSection
EndGlobal
